// !$*UTF8*$!
{
	archiveVersion = 1;
	classes = {
	};
	objectVersion = 46;
	objects = {

/* Begin PBXBuildFile section */
		B66F5A8211FC523900D7AE86 /* Command_Line_Tool.1 in CopyFiles */ = {isa = PBXBuildFile; fileRef = B66F5A8111FC523900D7AE86 /* Command_Line_Tool.1 */; };
		B66F5A8411FC523900D7AE86 /* main.c in Sources */ = {isa = PBXBuildFile; fileRef = B66F5A8311FC523900D7AE86 /* main.c */; };
/* End PBXBuildFile section */

/* Begin PBXCopyFilesBuildPhase section */
		B66F5A7C11FC523800D7AE86 /* CopyFiles */ = {
			isa = PBXCopyFilesBuildPhase;
			buildActionMask = 2147483647;
			dstPath = /usr/share/man/man1/;
			dstSubfolderSpec = 0;
			files = (
				B66F5A8211FC523900D7AE86 /* Command_Line_Tool.1 in CopyFiles */,
			);
			runOnlyForDeploymentPostprocessing = 1;
		};
/* End PBXCopyFilesBuildPhase section */

/* Begin PBXFileReference section */
		B66F5A7E11FC523800D7AE86 /* Command Line Tool */ = {isa = PBXFileReference; explicitFileType = "compiled.mach-o.executable"; includeInIndex = 0; path = "Command Line Tool"; sourceTree = BUILT_PRODUCTS_DIR; };
		B66F5A8111FC523900D7AE86 /* Command_Line_Tool.1 */ = {isa = PBXFileReference; lastKnownFileType = text.man; path = Command_Line_Tool.1; sourceTree = "<group>"; };
		B66F5A8311FC523900D7AE86 /* main.c */ = {isa = PBXFileReference; lastKnownFileType = sourcecode.c.c; path = main.c; sourceTree = "<group>"; };
/* End PBXFileReference section */

/* Begin PBXFrameworksBuildPhase section */
		B66F5A7B11FC523800D7AE86 /* Frameworks */ = {
			isa = PBXFrameworksBuildPhase;
			buildActionMask = 2147483647;
			files = (
			);
			runOnlyForDeploymentPostprocessing = 0;
		};
/* End PBXFrameworksBuildPhase section */

/* Begin PBXGroup section */
		B66F5A7111FC523800D7AE86 = {
			isa = PBXGroup;
			children = (
				B66F5A7811FC523800D7AE86 /* Source */,
				B66F5A7911FC523800D7AE86 /* Documentation */,
				B66F5A7F11FC523800D7AE86 /* Products */,
			);
			sourceTree = "<group>";
		};
		B66F5A7811FC523800D7AE86 /* Source */ = {
			isa = PBXGroup;
			children = (
				B66F5A8311FC523900D7AE86 /* main.c */,
			);
			path = Source;
			sourceTree = "<group>";
		};
		B66F5A7911FC523800D7AE86 /* Documentation */ = {
			isa = PBXGroup;
			children = (
				B66F5A8111FC523900D7AE86 /* Command_Line_Tool.1 */,
			);
			name = Documentation;
			sourceTree = "<group>";
		};
		B66F5A7F11FC523800D7AE86 /* Products */ = {
			isa = PBXGroup;
			children = (
				B66F5A7E11FC523800D7AE86 /* Command Line Tool */,
			);
			name = Products;
			sourceTree = "<group>";
		};
/* End PBXGroup section */

/* Begin PBXNativeTarget section */
		B66F5A7D11FC523800D7AE86 /* Command Line Tool */ = {
			isa = PBXNativeTarget;
			buildConfigurationList = B66F5A8711FC523900D7AE86 /* Build configuration list for PBXNativeTarget "Command Line Tool" */;
			buildPhases = (
				B66F5A7A11FC523800D7AE86 /* Sources */,
				B66F5A7B11FC523800D7AE86 /* Frameworks */,
				B66F5A7C11FC523800D7AE86 /* CopyFiles */,
			);
			buildRules = (
			);
			dependencies = (
			);
			name = "Command Line Tool";
			productName = "Command Line Tool";
			productReference = B66F5A7E11FC523800D7AE86 /* Command Line Tool */;
			productType = "com.apple.product-type.tool";
		};
/* End PBXNativeTarget section */

/* Begin PBXProject section */
		B66F5A7311FC523800D7AE86 /* Project object */ = {
			isa = PBXProject;
			attributes = {
				ORGANIZATIONNAME = "University of Athens";
			};
			buildConfigurationList = B66F5A7611FC523800D7AE86 /* Build configuration list for PBXProject "Command Line Tool" */;
			compatibilityVersion = "Xcode 3.2";
			developmentRegion = English;
			hasScannedForEncodings = 0;
			knownRegions = (
				en,
			);
			mainGroup = B66F5A7111FC523800D7AE86;
			productRefGroup = B66F5A7F11FC523800D7AE86 /* Products */;
			projectDirPath = "";
			projectRoot = "";
			targets = (
				B66F5A7D11FC523800D7AE86 /* Command Line Tool */,
			);
		};
/* End PBXProject section */

/* Begin PBXSourcesBuildPhase section */
		B66F5A7A11FC523800D7AE86 /* Sources */ = {
			isa = PBXSourcesBuildPhase;
			buildActionMask = 2147483647;
			files = (
				B66F5A8411FC523900D7AE86 /* main.c in Sources */,
			);
			runOnlyForDeploymentPostprocessing = 0;
		};
/* End PBXSourcesBuildPhase section */

/* Begin XCBuildConfiguration section */
		B66F5A8511FC523900D7AE86 /* Debug */ = {
			isa = XCBuildConfiguration;
			buildSettings = {
				ARCHS = "$(ARCHS_STANDARD_32_64_BIT)";
				GCC_C_LANGUAGE_STANDARD = gnu99;
				GCC_OPTIMIZATION_LEVEL = 0;
				GCC_PREPROCESSOR_DEFINITIONS = DEBUG;
				GCC_VERSION = com.apple.compilers.llvm.clang.1_0;
				GCC_WARN_ABOUT_RETURN_TYPE = YES;
				GCC_WARN_UNUSED_VARIABLE = YES;
				ONLY_ACTIVE_ARCH = YES;
				PREBINDING = NO;
				SDKROOT = macosx10.6;
			};
			name = Debug;
		};
		B66F5A8611FC523900D7AE86 /* Release */ = {
			isa = XCBuildConfiguration;
			buildSettings = {
				ARCHS = "$(ARCHS_STANDARD_32_64_BIT)";
				GCC_C_LANGUAGE_STANDARD = gnu99;
				GCC_VERSION = com.apple.compilers.llvm.clang.1_0;
				GCC_WARN_ABOUT_RETURN_TYPE = YES;
				GCC_WARN_UNUSED_VARIABLE = YES;
				PREBINDING = NO;
				SDKROOT = macosx10.6;
			};
			name = Release;
		};
		B66F5A8811FC523900D7AE86 /* Debug */ = {
			isa = XCBuildConfiguration;
			buildSettings = {
				ALWAYS_SEARCH_USER_PATHS = NO;
				COPY_PHASE_STRIP = NO;
				GCC_DYNAMIC_NO_PIC = NO;
				GCC_ENABLE_OBJC_EXCEPTIONS = YES;
				GCC_MODEL_TUNING = G5;
				INSTALL_PATH = /usr/local/bin;
				PRODUCT_NAME = "Command Line Tool";
			};
			name = Debug;
		};
		B66F5A8911FC523900D7AE86 /* Release */ = {
			isa = XCBuildConfiguration;
			buildSettings = {
				ALWAYS_SEARCH_USER_PATHS = NO;
				COPY_PHASE_STRIP = YES;
				DEBUG_INFORMATION_FORMAT = "dwarf-with-dsym";
				GCC_ENABLE_OBJC_EXCEPTIONS = YES;
				GCC_MODEL_TUNING = G5;
				INSTALL_PATH = /usr/local/bin;
				PRODUCT_NAME = "Command Line Tool";
			};
			name = Release;
		};
/* End XCBuildConfiguration section */

/* Begin XCConfigurationList section */
		B66F5A7611FC523800D7AE86 /* Build configuration list for PBXProject "Command Line Tool" */ = {
			isa = XCConfigurationList;
			buildConfigurations = (
				B66F5A8511FC523900D7AE86 /* Debug */,
				B66F5A8611FC523900D7AE86 /* Release */,
			);
			defaultConfigurationIsVisible = 0;
			defaultConfigurationName = Release;
		};
		B66F5A8711FC523900D7AE86 /* Build configuration list for PBXNativeTarget "Command Line Tool" */ = {
			isa = XCConfigurationList;
			buildConfigurations = (
				B66F5A8811FC523900D7AE86 /* Debug */,
				B66F5A8911FC523900D7AE86 /* Release */,
			);
			defaultConfigurationIsVisible = 0;
			defaultConfigurationName = Release;
		};
/* End XCConfigurationList section */
	};
	rootObject = B66F5A7311FC523800D7AE86 /* Project object */;
}
