// !$*UTF8*$!
{
	archiveVersion = 1;
	classes = {
	};
	objectVersion = 46;
	objects = {

/* Begin PBXBuildFile section */
		B62F722211FCEF5800A79151 /* CCGasStationInfo.m in Sources */ = {isa = PBXBuildFile; fileRef = B62F722111FCEF5800A79151 /* CCGasStationInfo.m */; };
		B62F726511FD163200A79151 /* libxml2.2.dylib in Frameworks */ = {isa = PBXBuildFile; fileRef = B62F726411FD163200A79151 /* libxml2.2.dylib */; };
		B65D213B11FFB02F00A081BD /* CoreLocation.framework in Frameworks */ = {isa = PBXBuildFile; fileRef = B65D213A11FFB02F00A081BD /* CoreLocation.framework */; };
		B6687FD811FF6443009C504C /* main.css in Resources */ = {isa = PBXBuildFile; fileRef = B6687FD711FF6442009C504C /* main.css */; };
		B6687FDA11FF68E8009C504C /* main.html in Resources */ = {isa = PBXBuildFile; fileRef = B6687FD911FF68E8009C504C /* main.html */; };
		B673DAC511FC5F6B00210CD4 /* HTMLParser.m in Sources */ = {isa = PBXBuildFile; fileRef = B673DAC411FC5F6B00210CD4 /* HTMLParser.m */; };
		B69609D411F981FB00EABC51 /* UIKit.framework in Frameworks */ = {isa = PBXBuildFile; fileRef = B69609D311F981FB00EABC51 /* UIKit.framework */; };
		B69609D611F981FB00EABC51 /* Foundation.framework in Frameworks */ = {isa = PBXBuildFile; fileRef = B69609D511F981FB00EABC51 /* Foundation.framework */; };
		B69609D811F981FB00EABC51 /* CoreGraphics.framework in Frameworks */ = {isa = PBXBuildFile; fileRef = B69609D711F981FB00EABC51 /* CoreGraphics.framework */; };
		B69609DD11F981FB00EABC51 /* InfoPlist.strings in Resources */ = {isa = PBXBuildFile; fileRef = B69609DB11F981FB00EABC51 /* InfoPlist.strings */; };
		B69609DF11F981FB00EABC51 /* main.m in Sources */ = {isa = PBXBuildFile; fileRef = B69609DE11F981FB00EABC51 /* main.m */; };
		B69609E211F981FB00EABC51 /* CheapGasAppDelegate.m in Sources */ = {isa = PBXBuildFile; fileRef = B69609E111F981FB00EABC51 /* CheapGasAppDelegate.m */; };
		B69609E511F981FB00EABC51 /* MainWindow.xib in Resources */ = {isa = PBXBuildFile; fileRef = B69609E311F981FB00EABC51 /* MainWindow.xib */; };
		B69609E811F981FB00EABC51 /* CheapGasViewController.m in Sources */ = {isa = PBXBuildFile; fileRef = B69609E711F981FB00EABC51 /* CheapGasViewController.m */; };
		B69609EB11F981FB00EABC51 /* CheapGasViewController.xib in Resources */ = {isa = PBXBuildFile; fileRef = B69609E911F981FB00EABC51 /* CheapGasViewController.xib */; };
/* End PBXBuildFile section */

/* Begin PBXFileReference section */
		B62F722011FCEF5800A79151 /* CCGasStationInfo.h */ = {isa = PBXFileReference; fileEncoding = 4; lastKnownFileType = sourcecode.c.h; path = CCGasStationInfo.h; sourceTree = "<group>"; };
		B62F722111FCEF5800A79151 /* CCGasStationInfo.m */ = {isa = PBXFileReference; fileEncoding = 4; lastKnownFileType = sourcecode.c.objc; path = CCGasStationInfo.m; sourceTree = "<group>"; };
		B62F726411FD163200A79151 /* libxml2.2.dylib */ = {isa = PBXFileReference; lastKnownFileType = "compiled.mach-o.dylib"; name = libxml2.2.dylib; path = usr/lib/libxml2.2.dylib; sourceTree = SDKROOT; };
		B65D213A11FFB02F00A081BD /* CoreLocation.framework */ = {isa = PBXFileReference; lastKnownFileType = wrapper.framework; name = CoreLocation.framework; path = /System/Library/Frameworks/CoreLocation.framework; sourceTree = "<absolute>"; };
		B6687FD711FF6442009C504C /* main.css */ = {isa = PBXFileReference; fileEncoding = 4; lastKnownFileType = text.css; path = main.css; sourceTree = "<group>"; };
		B6687FD911FF68E8009C504C /* main.html */ = {isa = PBXFileReference; fileEncoding = 4; lastKnownFileType = text.html; path = main.html; sourceTree = "<group>"; };
		B673DAC311FC5F6B00210CD4 /* HTMLParser.h */ = {isa = PBXFileReference; fileEncoding = 4; lastKnownFileType = sourcecode.c.h; path = HTMLParser.h; sourceTree = "<group>"; };
		B673DAC411FC5F6B00210CD4 /* HTMLParser.m */ = {isa = PBXFileReference; fileEncoding = 4; lastKnownFileType = sourcecode.c.objc; path = HTMLParser.m; sourceTree = "<group>"; };
		B69609D011F981FB00EABC51 /* CheapGas.app */ = {isa = PBXFileReference; explicitFileType = wrapper.application; includeInIndex = 0; path = CheapGas.app; sourceTree = BUILT_PRODUCTS_DIR; };
		B69609D311F981FB00EABC51 /* UIKit.framework */ = {isa = PBXFileReference; lastKnownFileType = wrapper.framework; name = UIKit.framework; path = System/Library/Frameworks/UIKit.framework; sourceTree = SDKROOT; };
		B69609D511F981FB00EABC51 /* Foundation.framework */ = {isa = PBXFileReference; lastKnownFileType = wrapper.framework; name = Foundation.framework; path = System/Library/Frameworks/Foundation.framework; sourceTree = SDKROOT; };
		B69609D711F981FB00EABC51 /* CoreGraphics.framework */ = {isa = PBXFileReference; lastKnownFileType = wrapper.framework; name = CoreGraphics.framework; path = System/Library/Frameworks/CoreGraphics.framework; sourceTree = SDKROOT; };
		B69609D911F981FB00EABC51 /* CheapGas-Info.plist */ = {isa = PBXFileReference; lastKnownFileType = text.plist.xml; path = "CheapGas-Info.plist"; sourceTree = "<group>"; };
		B69609DA11F981FB00EABC51 /* CheapGas_Prefix.pch */ = {isa = PBXFileReference; lastKnownFileType = sourcecode.c.h; path = CheapGas_Prefix.pch; sourceTree = "<group>"; };
		B69609DC11F981FB00EABC51 /* en */ = {isa = PBXFileReference; lastKnownFileType = text.plist.strings; name = en; path = en.lproj/InfoPlist.strings; sourceTree = "<group>"; };
		B69609DE11F981FB00EABC51 /* main.m */ = {isa = PBXFileReference; lastKnownFileType = sourcecode.c.objc; path = main.m; sourceTree = "<group>"; };
		B69609E011F981FB00EABC51 /* CheapGasAppDelegate.h */ = {isa = PBXFileReference; lastKnownFileType = sourcecode.c.h; path = CheapGasAppDelegate.h; sourceTree = "<group>"; };
		B69609E111F981FB00EABC51 /* CheapGasAppDelegate.m */ = {isa = PBXFileReference; lastKnownFileType = sourcecode.c.objc; path = CheapGasAppDelegate.m; sourceTree = "<group>"; };
		B69609E411F981FB00EABC51 /* en */ = {isa = PBXFileReference; lastKnownFileType = file.xib; name = en; path = en.lproj/MainWindow.xib; sourceTree = "<group>"; };
		B69609E611F981FB00EABC51 /* CheapGasViewController.h */ = {isa = PBXFileReference; lastKnownFileType = sourcecode.c.h; path = CheapGasViewController.h; sourceTree = "<group>"; };
		B69609E711F981FB00EABC51 /* CheapGasViewController.m */ = {isa = PBXFileReference; lastKnownFileType = sourcecode.c.objc; path = CheapGasViewController.m; sourceTree = "<group>"; };
		B69609EA11F981FB00EABC51 /* en */ = {isa = PBXFileReference; lastKnownFileType = file.xib; name = en; path = en.lproj/CheapGasViewController.xib; sourceTree = "<group>"; };
/* End PBXFileReference section */

/* Begin PBXFrameworksBuildPhase section */
		B69609CD11F981FB00EABC51 /* Frameworks */ = {
			isa = PBXFrameworksBuildPhase;
			buildActionMask = 2147483647;
			files = (
				B69609D411F981FB00EABC51 /* UIKit.framework in Frameworks */,
				B69609D611F981FB00EABC51 /* Foundation.framework in Frameworks */,
				B69609D811F981FB00EABC51 /* CoreGraphics.framework in Frameworks */,
				B62F726511FD163200A79151 /* libxml2.2.dylib in Frameworks */,
				B65D213B11FFB02F00A081BD /* CoreLocation.framework in Frameworks */,
			);
			runOnlyForDeploymentPostprocessing = 0;
		};
/* End PBXFrameworksBuildPhase section */

/* Begin PBXGroup section */
		B69609C111F981FB00EABC51 = {
			isa = PBXGroup;
			children = (
				B69609C811F981FB00EABC51 /* Classes */,
				B69609C911F981FB00EABC51 /* Other Sources */,
				B69609CA11F981FB00EABC51 /* Resources */,
				B69609CB11F981FB00EABC51 /* Frameworks */,
				B69609D111F981FB00EABC51 /* Products */,
			);
			sourceTree = "<group>";
		};
		B69609C811F981FB00EABC51 /* Classes */ = {
			isa = PBXGroup;
			children = (
				B69609E011F981FB00EABC51 /* CheapGasAppDelegate.h */,
				B69609E111F981FB00EABC51 /* CheapGasAppDelegate.m */,
				B69609E611F981FB00EABC51 /* CheapGasViewController.h */,
				B69609E711F981FB00EABC51 /* CheapGasViewController.m */,
				B673DAC311FC5F6B00210CD4 /* HTMLParser.h */,
				B673DAC411FC5F6B00210CD4 /* HTMLParser.m */,
				B62F722011FCEF5800A79151 /* CCGasStationInfo.h */,
				B62F722111FCEF5800A79151 /* CCGasStationInfo.m */,
			);
			path = Classes;
			sourceTree = "<group>";
		};
		B69609C911F981FB00EABC51 /* Other Sources */ = {
			isa = PBXGroup;
			children = (
				B69609DA11F981FB00EABC51 /* CheapGas_Prefix.pch */,
				B69609DE11F981FB00EABC51 /* main.m */,
			);
			name = "Other Sources";
			sourceTree = "<group>";
		};
		B69609CA11F981FB00EABC51 /* Resources */ = {
			isa = PBXGroup;
			children = (
				B6687FD711FF6442009C504C /* main.css */,
				B6687FD911FF68E8009C504C /* main.html */,
				B69609D911F981FB00EABC51 /* CheapGas-Info.plist */,
				B69609DB11F981FB00EABC51 /* InfoPlist.strings */,
				B69609E311F981FB00EABC51 /* MainWindow.xib */,
				B69609E911F981FB00EABC51 /* CheapGasViewController.xib */,
			);
			name = Resources;
			sourceTree = "<group>";
		};
		B69609CB11F981FB00EABC51 /* Frameworks */ = {
			isa = PBXGroup;
			children = (
				B65D213A11FFB02F00A081BD /* CoreLocation.framework */,
				B69609D311F981FB00EABC51 /* UIKit.framework */,
				B69609D511F981FB00EABC51 /* Foundation.framework */,
				B69609D711F981FB00EABC51 /* CoreGraphics.framework */,
				B62F726411FD163200A79151 /* libxml2.2.dylib */,
			);
			name = Frameworks;
			sourceTree = "<group>";
		};
		B69609D111F981FB00EABC51 /* Products */ = {
			isa = PBXGroup;
			children = (
				B69609D011F981FB00EABC51 /* CheapGas.app */,
			);
			name = Products;
			sourceTree = "<group>";
		};
/* End PBXGroup section */

/* Begin PBXNativeTarget section */
		B69609CF11F981FB00EABC51 /* CheapGas */ = {
			isa = PBXNativeTarget;
			buildConfigurationList = B69609EE11F981FB00EABC51 /* Build configuration list for PBXNativeTarget "CheapGas" */;
			buildPhases = (
				B69609CC11F981FB00EABC51 /* Sources */,
				B69609CD11F981FB00EABC51 /* Frameworks */,
				B69609CE11F981FB00EABC51 /* Resources */,
			);
			buildRules = (
			);
			dependencies = (
			);
			name = CheapGas;
			productName = CheapGas;
			productReference = B69609D011F981FB00EABC51 /* CheapGas.app */;
			productType = "com.apple.product-type.application";
		};
/* End PBXNativeTarget section */

/* Begin PBXProject section */
		B69609C311F981FB00EABC51 /* Project object */ = {
			isa = PBXProject;
			attributes = {
				ORGANIZATIONNAME = "University of Athens";
			};
			buildConfigurationList = B69609C611F981FB00EABC51 /* Build configuration list for PBXProject "CheapGas" */;
			compatibilityVersion = "Xcode 3.2";
			hasScannedForEncodings = 0;
			knownRegions = (
				en,
			);
			mainGroup = B69609C111F981FB00EABC51;
			productRefGroup = B69609D111F981FB00EABC51 /* Products */;
			projectDirPath = "";
			projectRoot = "";
			targets = (
				B69609CF11F981FB00EABC51 /* CheapGas */,
			);
		};
/* End PBXProject section */

/* Begin PBXResourcesBuildPhase section */
		B69609CE11F981FB00EABC51 /* Resources */ = {
			isa = PBXResourcesBuildPhase;
			buildActionMask = 2147483647;
			files = (
				B69609DD11F981FB00EABC51 /* InfoPlist.strings in Resources */,
				B69609E511F981FB00EABC51 /* MainWindow.xib in Resources */,
				B69609EB11F981FB00EABC51 /* CheapGasViewController.xib in Resources */,
				B6687FD811FF6443009C504C /* main.css in Resources */,
				B6687FDA11FF68E8009C504C /* main.html in Resources */,
			);
			runOnlyForDeploymentPostprocessing = 0;
		};
/* End PBXResourcesBuildPhase section */

/* Begin PBXSourcesBuildPhase section */
		B69609CC11F981FB00EABC51 /* Sources */ = {
			isa = PBXSourcesBuildPhase;
			buildActionMask = 2147483647;
			files = (
				B69609DF11F981FB00EABC51 /* main.m in Sources */,
				B69609E211F981FB00EABC51 /* CheapGasAppDelegate.m in Sources */,
				B69609E811F981FB00EABC51 /* CheapGasViewController.m in Sources */,
				B673DAC511FC5F6B00210CD4 /* HTMLParser.m in Sources */,
				B62F722211FCEF5800A79151 /* CCGasStationInfo.m in Sources */,
			);
			runOnlyForDeploymentPostprocessing = 0;
		};
/* End PBXSourcesBuildPhase section */

/* Begin PBXVariantGroup section */
		B69609DB11F981FB00EABC51 /* InfoPlist.strings */ = {
			isa = PBXVariantGroup;
			children = (
				B69609DC11F981FB00EABC51 /* en */,
			);
			name = InfoPlist.strings;
			sourceTree = "<group>";
		};
		B69609E311F981FB00EABC51 /* MainWindow.xib */ = {
			isa = PBXVariantGroup;
			children = (
				B69609E411F981FB00EABC51 /* en */,
			);
			name = MainWindow.xib;
			sourceTree = "<group>";
		};
		B69609E911F981FB00EABC51 /* CheapGasViewController.xib */ = {
			isa = PBXVariantGroup;
			children = (
				B69609EA11F981FB00EABC51 /* en */,
			);
			name = CheapGasViewController.xib;
			sourceTree = "<group>";
		};
/* End PBXVariantGroup section */

/* Begin XCBuildConfiguration section */
		B69609EC11F981FB00EABC51 /* Debug */ = {
			isa = XCBuildConfiguration;
			buildSettings = {
				ARCHS = "$(ARCHS_STANDARD_32_BIT)";
				"CODE_SIGN_IDENTITY[sdk=iphoneos*]" = "iPhone Developer";
				GCC_C_LANGUAGE_STANDARD = gnu99;
				GCC_OPTIMIZATION_LEVEL = 0;
				GCC_PREPROCESSOR_DEFINITIONS = DEBUG;
				GCC_VERSION = com.apple.compilers.llvm.clang.1_0;
				GCC_WARN_ABOUT_RETURN_TYPE = YES;
				GCC_WARN_UNUSED_VARIABLE = YES;
				HEADER_SEARCH_PATHS = "/usr/include/libxml2/**";
				PREBINDING = NO;
				SDKROOT = iphoneos4.0;
			};
			name = Debug;
		};
		B69609ED11F981FB00EABC51 /* Release */ = {
			isa = XCBuildConfiguration;
			buildSettings = {
				ARCHS = "$(ARCHS_STANDARD_32_BIT)";
				"CODE_SIGN_IDENTITY[sdk=iphoneos*]" = "iPhone Developer";
				GCC_C_LANGUAGE_STANDARD = gnu99;
				GCC_VERSION = com.apple.compilers.llvm.clang.1_0;
				GCC_WARN_ABOUT_RETURN_TYPE = YES;
				GCC_WARN_UNUSED_VARIABLE = YES;
				HEADER_SEARCH_PATHS = "/usr/include/libxml2/**";
				OTHER_CFLAGS = "-DNS_BLOCK_ASSERTIONS=1";
				PREBINDING = NO;
				SDKROOT = iphoneos4.0;
			};
			name = Release;
		};
		B69609EF11F981FB00EABC51 /* Debug */ = {
			isa = XCBuildConfiguration;
			buildSettings = {
				ALWAYS_SEARCH_USER_PATHS = NO;
				COPY_PHASE_STRIP = NO;
				GCC_DYNAMIC_NO_PIC = NO;
				GCC_PRECOMPILE_PREFIX_HEADER = YES;
				GCC_PREFIX_HEADER = CheapGas_Prefix.pch;
				INFOPLIST_FILE = "CheapGas-Info.plist";
				PRODUCT_NAME = CheapGas;
				WRAPPER_EXTENSION = app;
			};
			name = Debug;
		};
		B69609F011F981FB00EABC51 /* Release */ = {
			isa = XCBuildConfiguration;
			buildSettings = {
				ALWAYS_SEARCH_USER_PATHS = NO;
				COPY_PHASE_STRIP = YES;
				GCC_PRECOMPILE_PREFIX_HEADER = YES;
				GCC_PREFIX_HEADER = CheapGas_Prefix.pch;
				INFOPLIST_FILE = "CheapGas-Info.plist";
				PRODUCT_NAME = CheapGas;
				VALIDATE_PRODUCT = YES;
				WRAPPER_EXTENSION = app;
			};
			name = Release;
		};
/* End XCBuildConfiguration section */

/* Begin XCConfigurationList section */
		B69609C611F981FB00EABC51 /* Build configuration list for PBXProject "CheapGas" */ = {
			isa = XCConfigurationList;
			buildConfigurations = (
				B69609EC11F981FB00EABC51 /* Debug */,
				B69609ED11F981FB00EABC51 /* Release */,
			);
			defaultConfigurationIsVisible = 0;
			defaultConfigurationName = Release;
		};
		B69609EE11F981FB00EABC51 /* Build configuration list for PBXNativeTarget "CheapGas" */ = {
			isa = XCConfigurationList;
			buildConfigurations = (
				B69609EF11F981FB00EABC51 /* Debug */,
				B69609F011F981FB00EABC51 /* Release */,
			);
			defaultConfigurationIsVisible = 0;
			defaultConfigurationName = Release;
		};
/* End XCConfigurationList section */
	};
	rootObject = B69609C311F981FB00EABC51 /* Project object */;
}
