// !$*UTF8*$!
{
	archiveVersion = 1;
	classes = {
	};
	objectVersion = 46;
	objects = {

/* Begin PBXBuildFile section */
		B6BDDC921232563400F9B6F3 /* UIKit.framework in Frameworks */ = {isa = PBXBuildFile; fileRef = B6BDDC911232563400F9B6F3 /* UIKit.framework */; };
		B6BDDC941232563400F9B6F3 /* Foundation.framework in Frameworks */ = {isa = PBXBuildFile; fileRef = B6BDDC931232563400F9B6F3 /* Foundation.framework */; };
		B6BDDC961232563400F9B6F3 /* CoreGraphics.framework in Frameworks */ = {isa = PBXBuildFile; fileRef = B6BDDC951232563400F9B6F3 /* CoreGraphics.framework */; };
		B6BDDC9B1232563500F9B6F3 /* InfoPlist.strings in Resources */ = {isa = PBXBuildFile; fileRef = B6BDDC991232563500F9B6F3 /* InfoPlist.strings */; };
		B6BDDC9D1232563500F9B6F3 /* main.m in Sources */ = {isa = PBXBuildFile; fileRef = B6BDDC9C1232563500F9B6F3 /* main.m */; };
		B6BDDCA01232563500F9B6F3 /* SmartGasAppDelegate.m in Sources */ = {isa = PBXBuildFile; fileRef = B6BDDC9F1232563500F9B6F3 /* SmartGasAppDelegate.m */; };
		B6BDDCA31232563500F9B6F3 /* MainWindow_iPhone.xib in Resources */ = {isa = PBXBuildFile; fileRef = B6BDDCA11232563500F9B6F3 /* MainWindow_iPhone.xib */; };
		B6BDDCA61232563500F9B6F3 /* MainWindow_iPad.xib in Resources */ = {isa = PBXBuildFile; fileRef = B6BDDCA41232563500F9B6F3 /* MainWindow_iPad.xib */; };
		B6BDDCA91232563500F9B6F3 /* SmartGasAppDelegate_iPhone.m in Sources */ = {isa = PBXBuildFile; fileRef = B6BDDCA81232563500F9B6F3 /* SmartGasAppDelegate_iPhone.m */; };
		B6BDDCAC1232563500F9B6F3 /* SmartGasAppDelegate_iPad.m in Sources */ = {isa = PBXBuildFile; fileRef = B6BDDCAB1232563500F9B6F3 /* SmartGasAppDelegate_iPad.m */; };
		B6BDDCB81232568800F9B6F3 /* SGRootViewController.m in Sources */ = {isa = PBXBuildFile; fileRef = B6BDDCB71232568800F9B6F3 /* SGRootViewController.m */; };
		B6BDDCBC123256B400F9B6F3 /* SGRootView.m in Sources */ = {isa = PBXBuildFile; fileRef = B6BDDCBB123256B400F9B6F3 /* SGRootView.m */; };
		B6BDDCBF123256E500F9B6F3 /* SGEntryDownloader.m in Sources */ = {isa = PBXBuildFile; fileRef = B6BDDCBE123256E500F9B6F3 /* SGEntryDownloader.m */; };
		B6BDDCC2123256FF00F9B6F3 /* SGEntry.m in Sources */ = {isa = PBXBuildFile; fileRef = B6BDDCC1123256FF00F9B6F3 /* SGEntry.m */; };
		B6BDDCC51232576800F9B6F3 /* SGMapViewController.m in Sources */ = {isa = PBXBuildFile; fileRef = B6BDDCC41232576800F9B6F3 /* SGMapViewController.m */; };
		B6BDDCC8123257B500F9B6F3 /* NSString+Greek.m in Sources */ = {isa = PBXBuildFile; fileRef = B6BDDCC7123257B500F9B6F3 /* NSString+Greek.m */; };
		B6BDDCCB1232580400F9B6F3 /* NSString+Utilities.m in Sources */ = {isa = PBXBuildFile; fileRef = B6BDDCCA1232580400F9B6F3 /* NSString+Utilities.m */; };
		B6BDDCDC12325AC200F9B6F3 /* NSObject+SBJSON.m in Sources */ = {isa = PBXBuildFile; fileRef = B6BDDCD112325AC200F9B6F3 /* NSObject+SBJSON.m */; };
		B6BDDCDD12325AC200F9B6F3 /* NSString+SBJSON.m in Sources */ = {isa = PBXBuildFile; fileRef = B6BDDCD312325AC200F9B6F3 /* NSString+SBJSON.m */; };
		B6BDDCDE12325AC200F9B6F3 /* SBJSON.m in Sources */ = {isa = PBXBuildFile; fileRef = B6BDDCD512325AC200F9B6F3 /* SBJSON.m */; };
		B6BDDCDF12325AC200F9B6F3 /* SBJsonBase.m in Sources */ = {isa = PBXBuildFile; fileRef = B6BDDCD712325AC200F9B6F3 /* SBJsonBase.m */; };
		B6BDDCE012325AC200F9B6F3 /* SBJsonParser.m in Sources */ = {isa = PBXBuildFile; fileRef = B6BDDCD912325AC200F9B6F3 /* SBJsonParser.m */; };
		B6BDDCE112325AC200F9B6F3 /* SBJsonWriter.m in Sources */ = {isa = PBXBuildFile; fileRef = B6BDDCDB12325AC200F9B6F3 /* SBJsonWriter.m */; };
		B6BDDCF21232667600F9B6F3 /* libxml2.2.dylib in Frameworks */ = {isa = PBXBuildFile; fileRef = B6BDDCF11232667600F9B6F3 /* libxml2.2.dylib */; };
		B6BDDD05123271B600F9B6F3 /* CoreLocation.framework in Frameworks */ = {isa = PBXBuildFile; fileRef = B6BDDD04123271B600F9B6F3 /* CoreLocation.framework */; };
		B6BDDD1512327EA700F9B6F3 /* main.css in Resources */ = {isa = PBXBuildFile; fileRef = B6BDDD1412327EA600F9B6F3 /* main.css */; };
		B6BDDD1912327F7700F9B6F3 /* UITV_accessory_disclosure-modified.png in Resources */ = {isa = PBXBuildFile; fileRef = B6BDDD1812327F7700F9B6F3 /* UITV_accessory_disclosure-modified.png */; };
/* End PBXBuildFile section */

/* Begin PBXFileReference section */
		B6BDDC8E1232563400F9B6F3 /* SmartGas.app */ = {isa = PBXFileReference; explicitFileType = wrapper.application; includeInIndex = 0; path = SmartGas.app; sourceTree = BUILT_PRODUCTS_DIR; };
		B6BDDC911232563400F9B6F3 /* UIKit.framework */ = {isa = PBXFileReference; lastKnownFileType = wrapper.framework; name = UIKit.framework; path = System/Library/Frameworks/UIKit.framework; sourceTree = SDKROOT; };
		B6BDDC931232563400F9B6F3 /* Foundation.framework */ = {isa = PBXFileReference; lastKnownFileType = wrapper.framework; name = Foundation.framework; path = System/Library/Frameworks/Foundation.framework; sourceTree = SDKROOT; };
		B6BDDC951232563400F9B6F3 /* CoreGraphics.framework */ = {isa = PBXFileReference; lastKnownFileType = wrapper.framework; name = CoreGraphics.framework; path = System/Library/Frameworks/CoreGraphics.framework; sourceTree = SDKROOT; };
		B6BDDC971232563500F9B6F3 /* SmartGas-Info.plist */ = {isa = PBXFileReference; lastKnownFileType = text.plist.xml; path = "SmartGas-Info.plist"; sourceTree = "<group>"; };
		B6BDDC981232563500F9B6F3 /* SmartGas_Prefix.pch */ = {isa = PBXFileReference; lastKnownFileType = sourcecode.c.h; path = SmartGas_Prefix.pch; sourceTree = "<group>"; };
		B6BDDC9A1232563500F9B6F3 /* en */ = {isa = PBXFileReference; lastKnownFileType = text.plist.strings; name = en; path = en.lproj/InfoPlist.strings; sourceTree = "<group>"; };
		B6BDDC9C1232563500F9B6F3 /* main.m */ = {isa = PBXFileReference; lastKnownFileType = sourcecode.c.objc; path = main.m; sourceTree = "<group>"; };
		B6BDDC9E1232563500F9B6F3 /* SmartGasAppDelegate.h */ = {isa = PBXFileReference; lastKnownFileType = sourcecode.c.h; path = SmartGasAppDelegate.h; sourceTree = "<group>"; };
		B6BDDC9F1232563500F9B6F3 /* SmartGasAppDelegate.m */ = {isa = PBXFileReference; lastKnownFileType = sourcecode.c.objc; path = SmartGasAppDelegate.m; sourceTree = "<group>"; };
		B6BDDCA21232563500F9B6F3 /* en */ = {isa = PBXFileReference; lastKnownFileType = file.xib; name = en; path = en.lproj/MainWindow_iPhone.xib; sourceTree = "<group>"; };
		B6BDDCA51232563500F9B6F3 /* en */ = {isa = PBXFileReference; lastKnownFileType = file.xib; name = en; path = en.lproj/MainWindow_iPad.xib; sourceTree = "<group>"; };
		B6BDDCA71232563500F9B6F3 /* SmartGasAppDelegate_iPhone.h */ = {isa = PBXFileReference; lastKnownFileType = sourcecode.c.h; path = SmartGasAppDelegate_iPhone.h; sourceTree = "<group>"; };
		B6BDDCA81232563500F9B6F3 /* SmartGasAppDelegate_iPhone.m */ = {isa = PBXFileReference; lastKnownFileType = sourcecode.c.objc; path = SmartGasAppDelegate_iPhone.m; sourceTree = "<group>"; };
		B6BDDCAA1232563500F9B6F3 /* SmartGasAppDelegate_iPad.h */ = {isa = PBXFileReference; lastKnownFileType = sourcecode.c.h; path = SmartGasAppDelegate_iPad.h; sourceTree = "<group>"; };
		B6BDDCAB1232563500F9B6F3 /* SmartGasAppDelegate_iPad.m */ = {isa = PBXFileReference; lastKnownFileType = sourcecode.c.objc; path = SmartGasAppDelegate_iPad.m; sourceTree = "<group>"; };
		B6BDDCB61232568800F9B6F3 /* SGRootViewController.h */ = {isa = PBXFileReference; fileEncoding = 4; lastKnownFileType = sourcecode.c.h; path = SGRootViewController.h; sourceTree = "<group>"; };
		B6BDDCB71232568800F9B6F3 /* SGRootViewController.m */ = {isa = PBXFileReference; fileEncoding = 4; lastKnownFileType = sourcecode.c.objc; path = SGRootViewController.m; sourceTree = "<group>"; };
		B6BDDCBA123256B400F9B6F3 /* SGRootView.h */ = {isa = PBXFileReference; fileEncoding = 4; lastKnownFileType = sourcecode.c.h; path = SGRootView.h; sourceTree = "<group>"; };
		B6BDDCBB123256B400F9B6F3 /* SGRootView.m */ = {isa = PBXFileReference; fileEncoding = 4; lastKnownFileType = sourcecode.c.objc; path = SGRootView.m; sourceTree = "<group>"; };
		B6BDDCBD123256E500F9B6F3 /* SGEntryDownloader.h */ = {isa = PBXFileReference; fileEncoding = 4; lastKnownFileType = sourcecode.c.h; path = SGEntryDownloader.h; sourceTree = "<group>"; };
		B6BDDCBE123256E500F9B6F3 /* SGEntryDownloader.m */ = {isa = PBXFileReference; fileEncoding = 4; lastKnownFileType = sourcecode.c.objc; path = SGEntryDownloader.m; sourceTree = "<group>"; };
		B6BDDCC0123256FF00F9B6F3 /* SGEntry.h */ = {isa = PBXFileReference; fileEncoding = 4; lastKnownFileType = sourcecode.c.h; path = SGEntry.h; sourceTree = "<group>"; };
		B6BDDCC1123256FF00F9B6F3 /* SGEntry.m */ = {isa = PBXFileReference; fileEncoding = 4; lastKnownFileType = sourcecode.c.objc; path = SGEntry.m; sourceTree = "<group>"; };
		B6BDDCC31232576800F9B6F3 /* SGMapViewController.h */ = {isa = PBXFileReference; fileEncoding = 4; lastKnownFileType = sourcecode.c.h; path = SGMapViewController.h; sourceTree = "<group>"; };
		B6BDDCC41232576800F9B6F3 /* SGMapViewController.m */ = {isa = PBXFileReference; fileEncoding = 4; lastKnownFileType = sourcecode.c.objc; path = SGMapViewController.m; sourceTree = "<group>"; };
		B6BDDCC6123257B500F9B6F3 /* NSString+Greek.h */ = {isa = PBXFileReference; fileEncoding = 4; lastKnownFileType = sourcecode.c.h; path = "NSString+Greek.h"; sourceTree = "<group>"; };
		B6BDDCC7123257B500F9B6F3 /* NSString+Greek.m */ = {isa = PBXFileReference; fileEncoding = 4; lastKnownFileType = sourcecode.c.objc; path = "NSString+Greek.m"; sourceTree = "<group>"; };
		B6BDDCC91232580400F9B6F3 /* NSString+Utilities.h */ = {isa = PBXFileReference; fileEncoding = 4; lastKnownFileType = sourcecode.c.h; path = "NSString+Utilities.h"; sourceTree = "<group>"; };
		B6BDDCCA1232580400F9B6F3 /* NSString+Utilities.m */ = {isa = PBXFileReference; fileEncoding = 4; lastKnownFileType = sourcecode.c.objc; path = "NSString+Utilities.m"; sourceTree = "<group>"; };
		B6BDDCCF12325AC200F9B6F3 /* JSON.h */ = {isa = PBXFileReference; fileEncoding = 4; lastKnownFileType = sourcecode.c.h; path = JSON.h; sourceTree = "<group>"; };
		B6BDDCD012325AC200F9B6F3 /* NSObject+SBJSON.h */ = {isa = PBXFileReference; fileEncoding = 4; lastKnownFileType = sourcecode.c.h; path = "NSObject+SBJSON.h"; sourceTree = "<group>"; };
		B6BDDCD112325AC200F9B6F3 /* NSObject+SBJSON.m */ = {isa = PBXFileReference; fileEncoding = 4; lastKnownFileType = sourcecode.c.objc; path = "NSObject+SBJSON.m"; sourceTree = "<group>"; };
		B6BDDCD212325AC200F9B6F3 /* NSString+SBJSON.h */ = {isa = PBXFileReference; fileEncoding = 4; lastKnownFileType = sourcecode.c.h; path = "NSString+SBJSON.h"; sourceTree = "<group>"; };
		B6BDDCD312325AC200F9B6F3 /* NSString+SBJSON.m */ = {isa = PBXFileReference; fileEncoding = 4; lastKnownFileType = sourcecode.c.objc; path = "NSString+SBJSON.m"; sourceTree = "<group>"; };
		B6BDDCD412325AC200F9B6F3 /* SBJSON.h */ = {isa = PBXFileReference; fileEncoding = 4; lastKnownFileType = sourcecode.c.h; path = SBJSON.h; sourceTree = "<group>"; };
		B6BDDCD512325AC200F9B6F3 /* SBJSON.m */ = {isa = PBXFileReference; fileEncoding = 4; lastKnownFileType = sourcecode.c.objc; path = SBJSON.m; sourceTree = "<group>"; };
		B6BDDCD612325AC200F9B6F3 /* SBJsonBase.h */ = {isa = PBXFileReference; fileEncoding = 4; lastKnownFileType = sourcecode.c.h; path = SBJsonBase.h; sourceTree = "<group>"; };
		B6BDDCD712325AC200F9B6F3 /* SBJsonBase.m */ = {isa = PBXFileReference; fileEncoding = 4; lastKnownFileType = sourcecode.c.objc; path = SBJsonBase.m; sourceTree = "<group>"; };
		B6BDDCD812325AC200F9B6F3 /* SBJsonParser.h */ = {isa = PBXFileReference; fileEncoding = 4; lastKnownFileType = sourcecode.c.h; path = SBJsonParser.h; sourceTree = "<group>"; };
		B6BDDCD912325AC200F9B6F3 /* SBJsonParser.m */ = {isa = PBXFileReference; fileEncoding = 4; lastKnownFileType = sourcecode.c.objc; path = SBJsonParser.m; sourceTree = "<group>"; };
		B6BDDCDA12325AC200F9B6F3 /* SBJsonWriter.h */ = {isa = PBXFileReference; fileEncoding = 4; lastKnownFileType = sourcecode.c.h; path = SBJsonWriter.h; sourceTree = "<group>"; };
		B6BDDCDB12325AC200F9B6F3 /* SBJsonWriter.m */ = {isa = PBXFileReference; fileEncoding = 4; lastKnownFileType = sourcecode.c.objc; path = SBJsonWriter.m; sourceTree = "<group>"; };
		B6BDDCF11232667600F9B6F3 /* libxml2.2.dylib */ = {isa = PBXFileReference; lastKnownFileType = "compiled.mach-o.dylib"; path = libxml2.2.dylib; sourceTree = "<group>"; };
		B6BDDD04123271B600F9B6F3 /* CoreLocation.framework */ = {isa = PBXFileReference; lastKnownFileType = wrapper.framework; name = CoreLocation.framework; path = /System/Library/Frameworks/CoreLocation.framework; sourceTree = "<absolute>"; };
		B6BDDD1412327EA600F9B6F3 /* main.css */ = {isa = PBXFileReference; fileEncoding = 4; lastKnownFileType = text.css; path = main.css; sourceTree = "<group>"; };
		B6BDDD1812327F7700F9B6F3 /* UITV_accessory_disclosure-modified.png */ = {isa = PBXFileReference; lastKnownFileType = image.png; path = "UITV_accessory_disclosure-modified.png"; sourceTree = "<group>"; };
/* End PBXFileReference section */

/* Begin PBXFrameworksBuildPhase section */
		B6BDDC8B1232563400F9B6F3 /* Frameworks */ = {
			isa = PBXFrameworksBuildPhase;
			buildActionMask = 2147483647;
			files = (
				B6BDDC921232563400F9B6F3 /* UIKit.framework in Frameworks */,
				B6BDDC941232563400F9B6F3 /* Foundation.framework in Frameworks */,
				B6BDDC961232563400F9B6F3 /* CoreGraphics.framework in Frameworks */,
				B6BDDCF21232667600F9B6F3 /* libxml2.2.dylib in Frameworks */,
				B6BDDD05123271B600F9B6F3 /* CoreLocation.framework in Frameworks */,
			);
			runOnlyForDeploymentPostprocessing = 0;
		};
/* End PBXFrameworksBuildPhase section */

/* Begin PBXGroup section */
		B6BDDC7D1232563400F9B6F3 = {
			isa = PBXGroup;
			children = (
				B6BDDCCE12325AC200F9B6F3 /* JSON */,
				B6BDDC841232563400F9B6F3 /* iPhone */,
				B6BDDC851232563400F9B6F3 /* iPad */,
				B6BDDC861232563400F9B6F3 /* Classes */,
				B6BDDC871232563400F9B6F3 /* Other Sources */,
				B6BDDC881232563400F9B6F3 /* Resources */,
				B6BDDC891232563400F9B6F3 /* Frameworks */,
				B6BDDC8F1232563400F9B6F3 /* Products */,
			);
			sourceTree = "<group>";
		};
		B6BDDC841232563400F9B6F3 /* iPhone */ = {
			isa = PBXGroup;
			children = (
				B6BDDCA11232563500F9B6F3 /* MainWindow_iPhone.xib */,
				B6BDDCA71232563500F9B6F3 /* SmartGasAppDelegate_iPhone.h */,
				B6BDDCA81232563500F9B6F3 /* SmartGasAppDelegate_iPhone.m */,
			);
			path = iPhone;
			sourceTree = "<group>";
		};
		B6BDDC851232563400F9B6F3 /* iPad */ = {
			isa = PBXGroup;
			children = (
				B6BDDCA41232563500F9B6F3 /* MainWindow_iPad.xib */,
				B6BDDCAA1232563500F9B6F3 /* SmartGasAppDelegate_iPad.h */,
				B6BDDCAB1232563500F9B6F3 /* SmartGasAppDelegate_iPad.m */,
			);
			path = iPad;
			sourceTree = "<group>";
		};
		B6BDDC861232563400F9B6F3 /* Classes */ = {
			isa = PBXGroup;
			children = (
				B6BDDC9E1232563500F9B6F3 /* SmartGasAppDelegate.h */,
				B6BDDC9F1232563500F9B6F3 /* SmartGasAppDelegate.m */,
				B6BDDCB61232568800F9B6F3 /* SGRootViewController.h */,
				B6BDDCB71232568800F9B6F3 /* SGRootViewController.m */,
				B6BDDCBD123256E500F9B6F3 /* SGEntryDownloader.h */,
				B6BDDCBE123256E500F9B6F3 /* SGEntryDownloader.m */,
				B6BDDCBA123256B400F9B6F3 /* SGRootView.h */,
				B6BDDCBB123256B400F9B6F3 /* SGRootView.m */,
				B6BDDCC0123256FF00F9B6F3 /* SGEntry.h */,
				B6BDDCC1123256FF00F9B6F3 /* SGEntry.m */,
				B6BDDCC31232576800F9B6F3 /* SGMapViewController.h */,
				B6BDDCC41232576800F9B6F3 /* SGMapViewController.m */,
				B6BDDCC6123257B500F9B6F3 /* NSString+Greek.h */,
				B6BDDCC7123257B500F9B6F3 /* NSString+Greek.m */,
				B6BDDCC91232580400F9B6F3 /* NSString+Utilities.h */,
				B6BDDCCA1232580400F9B6F3 /* NSString+Utilities.m */,
			);
			path = Classes;
			sourceTree = "<group>";
		};
		B6BDDC871232563400F9B6F3 /* Other Sources */ = {
			isa = PBXGroup;
			children = (
				B6BDDC981232563500F9B6F3 /* SmartGas_Prefix.pch */,
				B6BDDC9C1232563500F9B6F3 /* main.m */,
			);
			name = "Other Sources";
			sourceTree = "<group>";
		};
		B6BDDC881232563400F9B6F3 /* Resources */ = {
			isa = PBXGroup;
			children = (
				B6BDDD1812327F7700F9B6F3 /* UITV_accessory_disclosure-modified.png */,
				B6BDDD1412327EA600F9B6F3 /* main.css */,
				B6BDDC971232563500F9B6F3 /* SmartGas-Info.plist */,
				B6BDDC991232563500F9B6F3 /* InfoPlist.strings */,
			);
			name = Resources;
			sourceTree = "<group>";
		};
		B6BDDC891232563400F9B6F3 /* Frameworks */ = {
			isa = PBXGroup;
			children = (
				B6BDDD04123271B600F9B6F3 /* CoreLocation.framework */,
				B6BDDCF11232667600F9B6F3 /* libxml2.2.dylib */,
				B6BDDC911232563400F9B6F3 /* UIKit.framework */,
				B6BDDC931232563400F9B6F3 /* Foundation.framework */,
				B6BDDC951232563400F9B6F3 /* CoreGraphics.framework */,
			);
			name = Frameworks;
			sourceTree = "<group>";
		};
		B6BDDC8F1232563400F9B6F3 /* Products */ = {
			isa = PBXGroup;
			children = (
				B6BDDC8E1232563400F9B6F3 /* SmartGas.app */,
			);
			name = Products;
			sourceTree = "<group>";
		};
		B6BDDCCE12325AC200F9B6F3 /* JSON */ = {
			isa = PBXGroup;
			children = (
				B6BDDCCF12325AC200F9B6F3 /* JSON.h */,
				B6BDDCD012325AC200F9B6F3 /* NSObject+SBJSON.h */,
				B6BDDCD112325AC200F9B6F3 /* NSObject+SBJSON.m */,
				B6BDDCD212325AC200F9B6F3 /* NSString+SBJSON.h */,
				B6BDDCD312325AC200F9B6F3 /* NSString+SBJSON.m */,
				B6BDDCD412325AC200F9B6F3 /* SBJSON.h */,
				B6BDDCD512325AC200F9B6F3 /* SBJSON.m */,
				B6BDDCD612325AC200F9B6F3 /* SBJsonBase.h */,
				B6BDDCD712325AC200F9B6F3 /* SBJsonBase.m */,
				B6BDDCD812325AC200F9B6F3 /* SBJsonParser.h */,
				B6BDDCD912325AC200F9B6F3 /* SBJsonParser.m */,
				B6BDDCDA12325AC200F9B6F3 /* SBJsonWriter.h */,
				B6BDDCDB12325AC200F9B6F3 /* SBJsonWriter.m */,
			);
			path = JSON;
			sourceTree = "<group>";
		};
/* End PBXGroup section */

/* Begin PBXNativeTarget section */
		B6BDDC8D1232563400F9B6F3 /* SmartGas */ = {
			isa = PBXNativeTarget;
			buildConfigurationList = B6BDDCAF1232563500F9B6F3 /* Build configuration list for PBXNativeTarget "SmartGas" */;
			buildPhases = (
				B6BDDC8A1232563400F9B6F3 /* Sources */,
				B6BDDC8B1232563400F9B6F3 /* Frameworks */,
				B6BDDC8C1232563400F9B6F3 /* Resources */,
			);
			buildRules = (
			);
			dependencies = (
			);
			name = SmartGas;
			productName = SmartGas;
			productReference = B6BDDC8E1232563400F9B6F3 /* SmartGas.app */;
			productType = "com.apple.product-type.application";
		};
/* End PBXNativeTarget section */

/* Begin PBXProject section */
		B6BDDC7F1232563400F9B6F3 /* Project object */ = {
			isa = PBXProject;
			attributes = {
				ORGANIZATIONNAME = "University of Athens";
			};
			buildConfigurationList = B6BDDC821232563400F9B6F3 /* Build configuration list for PBXProject "SmartGas" */;
			compatibilityVersion = "Xcode 3.2";
			developmentRegion = English;
			hasScannedForEncodings = 0;
			knownRegions = (
				en,
			);
			mainGroup = B6BDDC7D1232563400F9B6F3;
			productRefGroup = B6BDDC8F1232563400F9B6F3 /* Products */;
			projectDirPath = "";
			projectRoot = "";
			targets = (
				B6BDDC8D1232563400F9B6F3 /* SmartGas */,
			);
		};
/* End PBXProject section */

/* Begin PBXResourcesBuildPhase section */
		B6BDDC8C1232563400F9B6F3 /* Resources */ = {
			isa = PBXResourcesBuildPhase;
			buildActionMask = 2147483647;
			files = (
				B6BDDC9B1232563500F9B6F3 /* InfoPlist.strings in Resources */,
				B6BDDCA31232563500F9B6F3 /* MainWindow_iPhone.xib in Resources */,
				B6BDDCA61232563500F9B6F3 /* MainWindow_iPad.xib in Resources */,
				B6BDDD1512327EA700F9B6F3 /* main.css in Resources */,
				B6BDDD1912327F7700F9B6F3 /* UITV_accessory_disclosure-modified.png in Resources */,
			);
			runOnlyForDeploymentPostprocessing = 0;
		};
/* End PBXResourcesBuildPhase section */

/* Begin PBXSourcesBuildPhase section */
		B6BDDC8A1232563400F9B6F3 /* Sources */ = {
			isa = PBXSourcesBuildPhase;
			buildActionMask = 2147483647;
			files = (
				B6BDDC9D1232563500F9B6F3 /* main.m in Sources */,
				B6BDDCA01232563500F9B6F3 /* SmartGasAppDelegate.m in Sources */,
				B6BDDCA91232563500F9B6F3 /* SmartGasAppDelegate_iPhone.m in Sources */,
				B6BDDCAC1232563500F9B6F3 /* SmartGasAppDelegate_iPad.m in Sources */,
				B6BDDCB81232568800F9B6F3 /* SGRootViewController.m in Sources */,
				B6BDDCBC123256B400F9B6F3 /* SGRootView.m in Sources */,
				B6BDDCBF123256E500F9B6F3 /* SGEntryDownloader.m in Sources */,
				B6BDDCC2123256FF00F9B6F3 /* SGEntry.m in Sources */,
				B6BDDCC51232576800F9B6F3 /* SGMapViewController.m in Sources */,
				B6BDDCC8123257B500F9B6F3 /* NSString+Greek.m in Sources */,
				B6BDDCCB1232580400F9B6F3 /* NSString+Utilities.m in Sources */,
				B6BDDCDC12325AC200F9B6F3 /* NSObject+SBJSON.m in Sources */,
				B6BDDCDD12325AC200F9B6F3 /* NSString+SBJSON.m in Sources */,
				B6BDDCDE12325AC200F9B6F3 /* SBJSON.m in Sources */,
				B6BDDCDF12325AC200F9B6F3 /* SBJsonBase.m in Sources */,
				B6BDDCE012325AC200F9B6F3 /* SBJsonParser.m in Sources */,
				B6BDDCE112325AC200F9B6F3 /* SBJsonWriter.m in Sources */,
			);
			runOnlyForDeploymentPostprocessing = 0;
		};
/* End PBXSourcesBuildPhase section */

/* Begin PBXVariantGroup section */
		B6BDDC991232563500F9B6F3 /* InfoPlist.strings */ = {
			isa = PBXVariantGroup;
			children = (
				B6BDDC9A1232563500F9B6F3 /* en */,
			);
			name = InfoPlist.strings;
			sourceTree = "<group>";
		};
		B6BDDCA11232563500F9B6F3 /* MainWindow_iPhone.xib */ = {
			isa = PBXVariantGroup;
			children = (
				B6BDDCA21232563500F9B6F3 /* en */,
			);
			name = MainWindow_iPhone.xib;
			sourceTree = "<group>";
		};
		B6BDDCA41232563500F9B6F3 /* MainWindow_iPad.xib */ = {
			isa = PBXVariantGroup;
			children = (
				B6BDDCA51232563500F9B6F3 /* en */,
			);
			name = MainWindow_iPad.xib;
			sourceTree = "<group>";
		};
/* End PBXVariantGroup section */

/* Begin XCBuildConfiguration section */
		B6BDDCAD1232563500F9B6F3 /* Debug */ = {
			isa = XCBuildConfiguration;
			buildSettings = {
				ARCHS = "$(ARCHS_STANDARD_32_BIT)";
				"CODE_SIGN_IDENTITY[sdk=iphoneos*]" = "iPhone Developer";
				GCC_C_LANGUAGE_STANDARD = gnu99;
				GCC_OPTIMIZATION_LEVEL = 0;
				GCC_PREPROCESSOR_DEFINITIONS = DEBUG;
				GCC_VERSION = com.apple.compilers.llvm.clang.1_0;
				GCC_WARN_ABOUT_RETURN_TYPE = YES;
				GCC_WARN_UNUSED_VARIABLE = YES;
				HEADER_SEARCH_PATHS = "";
				IPHONEOS_DEPLOYMENT_TARGET = 4.1;
				PREBINDING = NO;
				SDKROOT = iphoneos4.1;
				TARGETED_DEVICE_FAMILY = "1,2";
			};
			name = Debug;
		};
		B6BDDCAE1232563500F9B6F3 /* Release */ = {
			isa = XCBuildConfiguration;
			buildSettings = {
				ARCHS = "$(ARCHS_STANDARD_32_BIT)";
				"CODE_SIGN_IDENTITY[sdk=iphoneos*]" = "iPhone Developer";
				GCC_C_LANGUAGE_STANDARD = gnu99;
				GCC_VERSION = com.apple.compilers.llvm.clang.1_0;
				GCC_WARN_ABOUT_RETURN_TYPE = YES;
				GCC_WARN_UNUSED_VARIABLE = YES;
				HEADER_SEARCH_PATHS = "";
				IPHONEOS_DEPLOYMENT_TARGET = 4.1;
				OTHER_CFLAGS = "-DNS_BLOCK_ASSERTIONS=1";
				PREBINDING = NO;
				SDKROOT = iphoneos4.1;
				TARGETED_DEVICE_FAMILY = "1,2";
			};
			name = Release;
		};
		B6BDDCB01232563500F9B6F3 /* Debug */ = {
			isa = XCBuildConfiguration;
			buildSettings = {
				ALWAYS_SEARCH_USER_PATHS = NO;
				COPY_PHASE_STRIP = NO;
				FRAMEWORK_SEARCH_PATHS = (
					"$(inherited)",
					"\"$(SRCROOT)\"",
					/System/Library/Frameworks/CoreLocation.framework,
				);
				GCC_DYNAMIC_NO_PIC = NO;
				GCC_PRECOMPILE_PREFIX_HEADER = YES;
				GCC_PREFIX_HEADER = SmartGas_Prefix.pch;
				GCC_VERSION = com.apple.compilers.llvm.clang.1_0;
				HEADER_SEARCH_PATHS = (
					/usr/include/libxml2,
					"$(SRCROOT)/CoreLocation.framework/Headers",
				);
				INFOPLIST_FILE = "SmartGas-Info.plist";
				LIBRARY_SEARCH_PATHS = (
					"$(inherited)",
					"\"$(SRCROOT)\"",
					/usr/lib/,
				);
				OTHER_CFLAGS = "-D__IPHONE_OS_VERSION_MIN_REQUIRED=040100";
				PRODUCT_NAME = SmartGas;
				USER_HEADER_SEARCH_PATHS = /Users/christos/devel/cocoa/Xcode4/SmartGas;
				VALID_ARCHS = armv7;
				WRAPPER_EXTENSION = app;
			};
			name = Debug;
		};
		B6BDDCB11232563500F9B6F3 /* Release */ = {
			isa = XCBuildConfiguration;
			buildSettings = {
				ALWAYS_SEARCH_USER_PATHS = NO;
				COPY_PHASE_STRIP = YES;
				FRAMEWORK_SEARCH_PATHS = (
					"$(inherited)",
					"\"$(SRCROOT)\"",
					/System/Library/Frameworks/CoreLocation.framework,
				);
				GCC_PRECOMPILE_PREFIX_HEADER = YES;
				GCC_PREFIX_HEADER = SmartGas_Prefix.pch;
				GCC_VERSION = com.apple.compilers.llvm.clang.1_0;
				HEADER_SEARCH_PATHS = (
					/usr/include/libxml2,
					"$(SRCROOT)/CoreLocation.framework/Headers",
				);
				INFOPLIST_FILE = "SmartGas-Info.plist";
				LIBRARY_SEARCH_PATHS = (
					"$(inherited)",
					"\"$(SRCROOT)\"",
					/usr/lib/,
				);
				OTHER_CFLAGS = "-D__IPHONE_OS_VERSION_MIN_REQUIRED=040100";
				PRODUCT_NAME = SmartGas;
				USER_HEADER_SEARCH_PATHS = /Users/christos/devel/cocoa/Xcode4/SmartGas;
				VALIDATE_PRODUCT = YES;
				VALID_ARCHS = armv7;
				WRAPPER_EXTENSION = app;
			};
			name = Release;
		};
/* End XCBuildConfiguration section */

/* Begin XCConfigurationList section */
		B6BDDC821232563400F9B6F3 /* Build configuration list for PBXProject "SmartGas" */ = {
			isa = XCConfigurationList;
			buildConfigurations = (
				B6BDDCAD1232563500F9B6F3 /* Debug */,
				B6BDDCAE1232563500F9B6F3 /* Release */,
			);
			defaultConfigurationIsVisible = 0;
			defaultConfigurationName = Release;
		};
		B6BDDCAF1232563500F9B6F3 /* Build configuration list for PBXNativeTarget "SmartGas" */ = {
			isa = XCConfigurationList;
			buildConfigurations = (
				B6BDDCB01232563500F9B6F3 /* Debug */,
				B6BDDCB11232563500F9B6F3 /* Release */,
			);
			defaultConfigurationIsVisible = 0;
			defaultConfigurationName = Release;
		};
/* End XCConfigurationList section */
	};
	rootObject = B6BDDC7F1232563400F9B6F3 /* Project object */;
}
